// !$*UTF8*$!
{
	archiveVersion = 1;
	classes = {
	};
	objectVersion = 48;
	objects = {

/* Begin PBXBuildFile section */
		9C3C018F206E843000FDE94B /* AppDelegate.swift in Sources */ = {isa = PBXBuildFile; fileRef = 9C3C018E206E843000FDE94B /* AppDelegate.swift */; };
		9C3C0191206E843000FDE94B /* ViewController.swift in Sources */ = {isa = PBXBuildFile; fileRef = 9C3C0190206E843000FDE94B /* ViewController.swift */; };
		9C3C0194206E843000FDE94B /* Main.storyboard in Resources */ = {isa = PBXBuildFile; fileRef = 9C3C0192206E843000FDE94B /* Main.storyboard */; };
		9C3C0196206E843000FDE94B /* Assets.xcassets in Resources */ = {isa = PBXBuildFile; fileRef = 9C3C0195206E843000FDE94B /* Assets.xcassets */; };
		9C3C0199206E843000FDE94B /* LaunchScreen.storyboard in Resources */ = {isa = PBXBuildFile; fileRef = 9C3C0197206E843000FDE94B /* LaunchScreen.storyboard */; };
		A1446B44201910BBB2D03319 /* Pods_wether_calendar.framework in Frameworks */ = {isa = PBXBuildFile; fileRef = 70EEE2C8FA32CEB98BA81323 /* Pods_wether_calendar.framework */; };
/* End PBXBuildFile section */

/* Begin PBXFileReference section */
		0C00EF529E09CE2FD1F16DE5 /* Pods-wether_calendar.release.xcconfig */ = {isa = PBXFileReference; includeInIndex = 1; lastKnownFileType = text.xcconfig; name = "Pods-wether_calendar.release.xcconfig"; path = "Pods/Target Support Files/Pods-wether_calendar/Pods-wether_calendar.release.xcconfig"; sourceTree = "<group>"; };
		70EEE2C8FA32CEB98BA81323 /* Pods_wether_calendar.framework */ = {isa = PBXFileReference; explicitFileType = wrapper.framework; includeInIndex = 0; path = Pods_wether_calendar.framework; sourceTree = BUILT_PRODUCTS_DIR; };
		9C3C018B206E843000FDE94B /* wether_calendar.app */ = {isa = PBXFileReference; explicitFileType = wrapper.application; includeInIndex = 0; path = wether_calendar.app; sourceTree = BUILT_PRODUCTS_DIR; };
		9C3C018E206E843000FDE94B /* AppDelegate.swift */ = {isa = PBXFileReference; lastKnownFileType = sourcecode.swift; path = AppDelegate.swift; sourceTree = "<group>"; };
		9C3C0190206E843000FDE94B /* ViewController.swift */ = {isa = PBXFileReference; lastKnownFileType = sourcecode.swift; path = ViewController.swift; sourceTree = "<group>"; };
		9C3C0193206E843000FDE94B /* Base */ = {isa = PBXFileReference; lastKnownFileType = file.storyboard; name = Base; path = Base.lproj/Main.storyboard; sourceTree = "<group>"; };
		9C3C0195206E843000FDE94B /* Assets.xcassets */ = {isa = PBXFileReference; lastKnownFileType = folder.assetcatalog; path = Assets.xcassets; sourceTree = "<group>"; };
		9C3C0198206E843000FDE94B /* Base */ = {isa = PBXFileReference; lastKnownFileType = file.storyboard; name = Base; path = Base.lproj/LaunchScreen.storyboard; sourceTree = "<group>"; };
		9C3C019A206E843000FDE94B /* Info.plist */ = {isa = PBXFileReference; lastKnownFileType = text.plist.xml; path = Info.plist; sourceTree = "<group>"; };
		CC9FB1846156C3EA3A578FA7 /* Pods-wether_calendar.debug.xcconfig */ = {isa = PBXFileReference; includeInIndex = 1; lastKnownFileType = text.xcconfig; name = "Pods-wether_calendar.debug.xcconfig"; path = "Pods/Target Support Files/Pods-wether_calendar/Pods-wether_calendar.debug.xcconfig"; sourceTree = "<group>"; };
/* End PBXFileReference section */

/* Begin PBXFrameworksBuildPhase section */
		9C3C0188206E843000FDE94B /* Frameworks */ = {
			isa = PBXFrameworksBuildPhase;
			buildActionMask = 2147483647;
			files = (
				A1446B44201910BBB2D03319 /* Pods_wether_calendar.framework in Frameworks */,
			);
			runOnlyForDeploymentPostprocessing = 0;
		};
/* End PBXFrameworksBuildPhase section */

/* Begin PBXGroup section */
		9B0968C73B2B0645431796A9 /* Pods */ = {
			isa = PBXGroup;
			children = (
				CC9FB1846156C3EA3A578FA7 /* Pods-wether_calendar.debug.xcconfig */,
				0C00EF529E09CE2FD1F16DE5 /* Pods-wether_calendar.release.xcconfig */,
			);
			name = Pods;
			sourceTree = "<group>";
		};
		9C3C0182206E843000FDE94B = {
			isa = PBXGroup;
			children = (
				9C3C018D206E843000FDE94B /* wether_calendar */,
				9C3C018C206E843000FDE94B /* Products */,
				9B0968C73B2B0645431796A9 /* Pods */,
				FBB424962B5A43C2CD79D9FE /* Frameworks */,
			);
			sourceTree = "<group>";
		};
		9C3C018C206E843000FDE94B /* Products */ = {
			isa = PBXGroup;
			children = (
				9C3C018B206E843000FDE94B /* wether_calendar.app */,
			);
			name = Products;
			sourceTree = "<group>";
		};
		9C3C018D206E843000FDE94B /* wether_calendar */ = {
			isa = PBXGroup;
			children = (
				9C3C018E206E843000FDE94B /* AppDelegate.swift */,
				9C3C0190206E843000FDE94B /* ViewController.swift */,
				9C3C0192206E843000FDE94B /* Main.storyboard */,
				9C3C0195206E843000FDE94B /* Assets.xcassets */,
				9C3C0197206E843000FDE94B /* LaunchScreen.storyboard */,
				9C3C019A206E843000FDE94B /* Info.plist */,
			);
			path = wether_calendar;
			sourceTree = "<group>";
		};
		FBB424962B5A43C2CD79D9FE /* Frameworks */ = {
			isa = PBXGroup;
			children = (
				70EEE2C8FA32CEB98BA81323 /* Pods_wether_calendar.framework */,
			);
			name = Frameworks;
			sourceTree = "<group>";
		};
/* End PBXGroup section */

/* Begin PBXNativeTarget section */
		9C3C018A206E843000FDE94B /* wether_calendar */ = {
			isa = PBXNativeTarget;
			buildConfigurationList = 9C3C019D206E843000FDE94B /* Build configuration list for PBXNativeTarget "wether_calendar" */;
			buildPhases = (
				5F13CC59722E0373AC9305C0 /* [CP] Check Pods Manifest.lock */,
				9C3C0187206E843000FDE94B /* Sources */,
				9C3C0188206E843000FDE94B /* Frameworks */,
				9C3C0189206E843000FDE94B /* Resources */,
				81AF699EF167B7444E131002 /* [CP] Embed Pods Frameworks */,
				39F6BB52DCB33AA88435CCD2 /* [CP] Copy Pods Resources */,
			);
			buildRules = (
			);
			dependencies = (
			);
			name = wether_calendar;
			productName = wether_calendar;
			productReference = 9C3C018B206E843000FDE94B /* wether_calendar.app */;
			productType = "com.apple.product-type.application";
		};
/* End PBXNativeTarget section */

/* Begin PBXProject section */
		9C3C0183206E843000FDE94B /* Project object */ = {
			isa = PBXProject;
			attributes = {
				LastSwiftUpdateCheck = 0920;
				LastUpgradeCheck = 0920;
				ORGANIZATIONNAME = "中川万莉奈";
				TargetAttributes = {
					9C3C018A206E843000FDE94B = {
						CreatedOnToolsVersion = 9.2;
						ProvisioningStyle = Automatic;
					};
				};
			};
			buildConfigurationList = 9C3C0186206E843000FDE94B /* Build configuration list for PBXProject "wether_calendar" */;
			compatibilityVersion = "Xcode 8.0";
			developmentRegion = en;
			hasScannedForEncodings = 0;
			knownRegions = (
				en,
				Base,
			);
			mainGroup = 9C3C0182206E843000FDE94B;
			productRefGroup = 9C3C018C206E843000FDE94B /* Products */;
			projectDirPath = "";
			projectRoot = "";
			targets = (
				9C3C018A206E843000FDE94B /* wether_calendar */,
			);
		};
/* End PBXProject section */

/* Begin PBXResourcesBuildPhase section */
		9C3C0189206E843000FDE94B /* Resources */ = {
			isa = PBXResourcesBuildPhase;
			buildActionMask = 2147483647;
			files = (
				9C3C0199206E843000FDE94B /* LaunchScreen.storyboard in Resources */,
				9C3C0196206E843000FDE94B /* Assets.xcassets in Resources */,
				9C3C0194206E843000FDE94B /* Main.storyboard in Resources */,
			);
			runOnlyForDeploymentPostprocessing = 0;
		};
/* End PBXResourcesBuildPhase section */

/* Begin PBXShellScriptBuildPhase section */
		39F6BB52DCB33AA88435CCD2 /* [CP] Copy Pods Resources */ = {
			isa = PBXShellScriptBuildPhase;
			buildActionMask = 2147483647;
			files = (
			);
			inputPaths = (
			);
			name = "[CP] Copy Pods Resources";
			outputPaths = (
			);
			runOnlyForDeploymentPostprocessing = 0;
			shellPath = /bin/sh;
			shellScript = "\"${SRCROOT}/Pods/Target Support Files/Pods-wether_calendar/Pods-wether_calendar-resources.sh\"\n";
			showEnvVarsInLog = 0;
		};
		5F13CC59722E0373AC9305C0 /* [CP] Check Pods Manifest.lock */ = {
			isa = PBXShellScriptBuildPhase;
			buildActionMask = 2147483647;
			files = (
			);
			inputPaths = (
			);
			name = "[CP] Check Pods Manifest.lock";
			outputPaths = (
			);
			runOnlyForDeploymentPostprocessing = 0;
			shellPath = /bin/sh;
			shellScript = "diff \"${PODS_ROOT}/../Podfile.lock\" \"${PODS_ROOT}/Manifest.lock\" > /dev/null\nif [ $? != 0 ] ; then\n    # print error to STDERR\n    echo \"error: The sandbox is not in sync with the Podfile.lock. Run 'pod install' or update your CocoaPods installation.\" >&2\n    exit 1\nfi\n";
			showEnvVarsInLog = 0;
		};
		81AF699EF167B7444E131002 /* [CP] Embed Pods Frameworks */ = {
			isa = PBXShellScriptBuildPhase;
			buildActionMask = 2147483647;
			files = (
			);
			inputPaths = (
			);
			name = "[CP] Embed Pods Frameworks";
			outputPaths = (
			);
			runOnlyForDeploymentPostprocessing = 0;
			shellPath = /bin/sh;
			shellScript = "\"${SRCROOT}/Pods/Target Support Files/Pods-wether_calendar/Pods-wether_calendar-frameworks.sh\"\n";
			showEnvVarsInLog = 0;
		};
/* End PBXShellScriptBuildPhase section */

/* Begin PBXSourcesBuildPhase section */
		9C3C0187206E843000FDE94B /* Sources */ = {
			isa = PBXSourcesBuildPhase;
			buildActionMask = 2147483647;
			files = (
				9C3C0191206E843000FDE94B /* ViewController.swift in Sources */,
				9C3C018F206E843000FDE94B /* AppDelegate.swift in Sources */,
			);
			runOnlyForDeploymentPostprocessing = 0;
		};
/* End PBXSourcesBuildPhase section */

/* Begin PBXVariantGroup section */
		9C3C0192206E843000FDE94B /* Main.storyboard */ = {
			isa = PBXVariantGroup;
			children = (
				9C3C0193206E843000FDE94B /* Base */,
			);
			name = Main.storyboard;
			sourceTree = "<group>";
		};
		9C3C0197206E843000FDE94B /* LaunchScreen.storyboard */ = {
			isa = PBXVariantGroup;
			children = (
				9C3C0198206E843000FDE94B /* Base */,
			);
			name = LaunchScreen.storyboard;
			sourceTree = "<group>";
		};
/* End PBXVariantGroup section */

/* Begin XCBuildConfiguration section */
		9C3C019B206E843000FDE94B /* Debug */ = {
			isa = XCBuildConfiguration;
			buildSettings = {
				ALWAYS_SEARCH_USER_PATHS = NO;
				CLANG_ANALYZER_NONNULL = YES;
				CLANG_ANALYZER_NUMBER_OBJECT_CONVERSION = YES_AGGRESSIVE;
				CLANG_CXX_LANGUAGE_STANDARD = "gnu++14";
				CLANG_CXX_LIBRARY = "libc++";
				CLANG_ENABLE_MODULES = YES;
				CLANG_ENABLE_OBJC_ARC = YES;
				CLANG_WARN_BLOCK_CAPTURE_AUTORELEASING = YES;
				CLANG_WARN_BOOL_CONVERSION = YES;
				CLANG_WARN_COMMA = YES;
				CLANG_WARN_CONSTANT_CONVERSION = YES;
				CLANG_WARN_DIRECT_OBJC_ISA_USAGE = YES_ERROR;
				CLANG_WARN_DOCUMENTATION_COMMENTS = YES;
				CLANG_WARN_EMPTY_BODY = YES;
				CLANG_WARN_ENUM_CONVERSION = YES;
				CLANG_WARN_INFINITE_RECURSION = YES;
				CLANG_WARN_INT_CONVERSION = YES;
				CLANG_WARN_NON_LITERAL_NULL_CONVERSION = YES;
				CLANG_WARN_OBJC_LITERAL_CONVERSION = YES;
				CLANG_WARN_OBJC_ROOT_CLASS = YES_ERROR;
				CLANG_WARN_RANGE_LOOP_ANALYSIS = YES;
				CLANG_WARN_STRICT_PROTOTYPES = YES;
				CLANG_WARN_SUSPICIOUS_MOVE = YES;
				CLANG_WARN_UNGUARDED_AVAILABILITY = YES_AGGRESSIVE;
				CLANG_WARN_UNREACHABLE_CODE = YES;
				CLANG_WARN__DUPLICATE_METHOD_MATCH = YES;
				CODE_SIGN_IDENTITY = "iPhone Developer";
				COPY_PHASE_STRIP = NO;
				DEBUG_INFORMATION_FORMAT = dwarf;
				ENABLE_STRICT_OBJC_MSGSEND = YES;
				ENABLE_TESTABILITY = YES;
				GCC_C_LANGUAGE_STANDARD = gnu11;
				GCC_DYNAMIC_NO_PIC = NO;
				GCC_NO_COMMON_BLOCKS = YES;
				GCC_OPTIMIZATION_LEVEL = 0;
				GCC_PREPROCESSOR_DEFINITIONS = (
					"DEBUG=1",
					"$(inherited)",
				);
				GCC_WARN_64_TO_32_BIT_CONVERSION = YES;
				GCC_WARN_ABOUT_RETURN_TYPE = YES_ERROR;
				GCC_WARN_UNDECLARED_SELECTOR = YES;
				GCC_WARN_UNINITIALIZED_AUTOS = YES_AGGRESSIVE;
				GCC_WARN_UNUSED_FUNCTION = YES;
				GCC_WARN_UNUSED_VARIABLE = YES;
				IPHONEOS_DEPLOYMENT_TARGET = 11.2;
				MTL_ENABLE_DEBUG_INFO = YES;
				ONLY_ACTIVE_ARCH = YES;
				SDKROOT = iphoneos;
				SWIFT_ACTIVE_COMPILATION_CONDITIONS = DEBUG;
				SWIFT_OPTIMIZATION_LEVEL = "-Onone";
			};
			name = Debug;
		};
		9C3C019C206E843000FDE94B /* Release */ = {
			isa = XCBuildConfiguration;
			buildSettings = {
				ALWAYS_SEARCH_USER_PATHS = NO;
				CLANG_ANALYZER_NONNULL = YES;
				CLANG_ANALYZER_NUMBER_OBJECT_CONVERSION = YES_AGGRESSIVE;
				CLANG_CXX_LANGUAGE_STANDARD = "gnu++14";
				CLANG_CXX_LIBRARY = "libc++";
				CLANG_ENABLE_MODULES = YES;
				CLANG_ENABLE_OBJC_ARC = YES;
				CLANG_WARN_BLOCK_CAPTURE_AUTORELEASING = YES;
				CLANG_WARN_BOOL_CONVERSION = YES;
				CLANG_WARN_COMMA = YES;
				CLANG_WARN_CONSTANT_CONVERSION = YES;
				CLANG_WARN_DIRECT_OBJC_ISA_USAGE = YES_ERROR;
				CLANG_WARN_DOCUMENTATION_COMMENTS = YES;
				CLANG_WARN_EMPTY_BODY = YES;
				CLANG_WARN_ENUM_CONVERSION = YES;
				CLANG_WARN_INFINITE_RECURSION = YES;
				CLANG_WARN_INT_CONVERSION = YES;
				CLANG_WARN_NON_LITERAL_NULL_CONVERSION = YES;
				CLANG_WARN_OBJC_LITERAL_CONVERSION = YES;
				CLANG_WARN_OBJC_ROOT_CLASS = YES_ERROR;
				CLANG_WARN_RANGE_LOOP_ANALYSIS = YES;
				CLANG_WARN_STRICT_PROTOTYPES = YES;
				CLANG_WARN_SUSPICIOUS_MOVE = YES;
				CLANG_WARN_UNGUARDED_AVAILABILITY = YES_AGGRESSIVE;
				CLANG_WARN_UNREACHABLE_CODE = YES;
				CLANG_WARN__DUPLICATE_METHOD_MATCH = YES;
				CODE_SIGN_IDENTITY = "iPhone Developer";
				COPY_PHASE_STRIP = NO;
				DEBUG_INFORMATION_FORMAT = "dwarf-with-dsym";
				ENABLE_NS_ASSERTIONS = NO;
				ENABLE_STRICT_OBJC_MSGSEND = YES;
				GCC_C_LANGUAGE_STANDARD = gnu11;
				GCC_NO_COMMON_BLOCKS = YES;
				GCC_WARN_64_TO_32_BIT_CONVERSION = YES;
				GCC_WARN_ABOUT_RETURN_TYPE = YES_ERROR;
				GCC_WARN_UNDECLARED_SELECTOR = YES;
				GCC_WARN_UNINITIALIZED_AUTOS = YES_AGGRESSIVE;
				GCC_WARN_UNUSED_FUNCTION = YES;
				GCC_WARN_UNUSED_VARIABLE = YES;
				IPHONEOS_DEPLOYMENT_TARGET = 11.2;
				MTL_ENABLE_DEBUG_INFO = NO;
				SDKROOT = iphoneos;
				SWIFT_OPTIMIZATION_LEVEL = "-Owholemodule";
				VALIDATE_PRODUCT = YES;
			};
			name = Release;
		};
		9C3C019E206E843000FDE94B /* Debug */ = {
			isa = XCBuildConfiguration;
			baseConfigurationReference = CC9FB1846156C3EA3A578FA7 /* Pods-wether_calendar.debug.xcconfig */;
			buildSettings = {
				ASSETCATALOG_COMPILER_APPICON_NAME = AppIcon;
				CODE_SIGN_STYLE = Automatic;
				DEVELOPMENT_TEAM = 78Q29B3V8M;
				INFOPLIST_FILE = wether_calendar/Info.plist;
				LD_RUNPATH_SEARCH_PATHS = "$(inherited) @executable_path/Frameworks";
				PRODUCT_BUNDLE_IDENTIFIER = "jp.MarinaNakgawa.wether-calendar";
				PRODUCT_NAME = "$(TARGET_NAME)";
				SWIFT_VERSION = 4.0;
				TARGETED_DEVICE_FAMILY = "1,2";
			};
			name = Debug;
		};
		9C3C019F206E843000FDE94B /* Release */ = {
			isa = XCBuildConfiguration;
			baseConfigurationReference = 0C00EF529E09CE2FD1F16DE5 /* Pods-wether_calendar.release.xcconfig */;
			buildSettings = {
				ASSETCATALOG_COMPILER_APPICON_NAME = AppIcon;
				CODE_SIGN_STYLE = Automatic;
				DEVELOPMENT_TEAM = 78Q29B3V8M;
				INFOPLIST_FILE = wether_calendar/Info.plist;
				LD_RUNPATH_SEARCH_PATHS = "$(inherited) @executable_path/Frameworks";
				PRODUCT_BUNDLE_IDENTIFIER = "jp.MarinaNakgawa.wether-calendar";
				PRODUCT_NAME = "$(TARGET_NAME)";
				SWIFT_VERSION = 4.0;
				TARGETED_DEVICE_FAMILY = "1,2";
			};
			name = Release;
		};
/* End XCBuildConfiguration section */

/* Begin XCConfigurationList section */
		9C3C0186206E843000FDE94B /* Build configuration list for PBXProject "wether_calendar" */ = {
			isa = XCConfigurationList;
			buildConfigurations = (
				9C3C019B206E843000FDE94B /* Debug */,
				9C3C019C206E843000FDE94B /* Release */,
			);
			defaultConfigurationIsVisible = 0;
			defaultConfigurationName = Release;
		};
		9C3C019D206E843000FDE94B /* Build configuration list for PBXNativeTarget "wether_calendar" */ = {
			isa = XCConfigurationList;
			buildConfigurations = (
				9C3C019E206E843000FDE94B /* Debug */,
				9C3C019F206E843000FDE94B /* Release */,
			);
			defaultConfigurationIsVisible = 0;
			defaultConfigurationName = Release;
		};
/* End XCConfigurationList section */
	};
	rootObject = 9C3C0183206E843000FDE94B /* Project object */;
}
